<Solution>
  <Project Path="Unity.Multiplayer.Center.Editor.csproj" />
  <Project Path="UnityEngine.UI.csproj" />
  <Project Path="UnityEditor.TestRunner.csproj" />
  <Project Path="UnityEngine.TestRunner.csproj" />
  <Project Path="Unity.2D.Tilemap.Editor.csproj" />
  <Project Path="Unity.TextMeshPro.Editor.csproj" />
  <Project Path="ArcweavePlugin.csproj" />
  <Project Path="Unity.InternalAPIEngineBridge.004.csproj" />
  <Project Path="UnityEditor.UI.csproj" />
  <Project Path="Unity.TextMeshPro.csproj" />
  <Project Path="Assembly-CSharp.csproj" />
  <Project Path="Unity.2D.Sprite.Editor.csproj" />
  <Project Path="Unity.Multiplayer.Center.Common.csproj" />
  <Project Path="UnityEditor.UI.Analytics.csproj" />
</Solution>
